
Microsoft Visual Studio Solution File, Format Version 12.00
# Visual Studio Version 17
VisualStudioVersion = 17.5.002.0
MinimumVisualStudioVersion = 10.0.40219.1
Project("{9A19103F-16F7-4668-BE54-9A1E7A4F7556}") = "ASPNETCORE", "ASPNETCORE.csproj", "{34256DF9-6811-476E-97AE-2D5C992ACD27}"
EndProject
Global
	GlobalSection(SolutionConfigurationPlatforms) = preSolution
		Debug|Any CPU = Debug|Any CPU
		Release|Any CPU = Release|Any CPU
	EndGlobalSection
	GlobalSection(ProjectConfigurationPlatforms) = postSolution
		{34256DF9-6811-476E-97AE-2D5C992ACD27}.Debug|Any CPU.ActiveCfg = Debug|Any CPU
		{34256DF9-6811-476E-97AE-2D5C992ACD27}.Debug|Any CPU.Build.0 = Debug|Any CPU
		{34256DF9-6811-476E-97AE-2D5C992ACD27}.Release|Any CPU.ActiveCfg = Release|Any CPU
		{34256DF9-6811-476E-97AE-2D5C992ACD27}.Release|Any CPU.Build.0 = Release|Any CPU
	EndGlobalSection
	GlobalSection(SolutionProperties) = preSolution
		HideSolutionNode = FALSE
	EndGlobalSection
	GlobalSection(ExtensibilityGlobals) = postSolution
		SolutionGuid = {EA97E8CD-8E9C-441A-B84B-39B2FF8A4D8B}
	EndGlobalSection
EndGlobal
